
Microsoft Visual Studio Solution File, Format Version 12.00
# Visual Studio Version 17
VisualStudioVersion = 17.0.31903.59
MinimumVisualStudioVersion = 10.0.40219.1
Project("{2150E333-8FDC-42A3-9474-1A3956D46DE8}") = "src", "src", "{5B34739A-E102-447B-BCA3-D368BF914866}"
EndProject
Project("{FAE04EC0-301F-11D3-BF4B-00C04F79EFBC}") = "BCSMS.Domain", "src\BCSMS.Domain\BCSMS.Domain.csproj", "{C17925EE-8607-4DC1-997C-518C975D048C}"
EndProject
Project("{FAE04EC0-301F-11D3-BF4B-00C04F79EFBC}") = "BCSMS.Application", "src\BCSMS.Application\BCSMS.Application.csproj", "{21B0D391-729C-4D35-98E4-656645C77F47}"
EndProject
Project("{FAE04EC0-301F-11D3-BF4B-00C04F79EFBC}") = "BCSMS.Infrastructure", "src\BCSMS.Infrastructure\BCSMS.Infrastructure.csproj", "{B305B313-688B-4E35-890D-56B3F9D6EB58}"
EndProject
Project("{FAE04EC0-301F-11D3-BF4B-00C04F79EFBC}") = "BCSMS.API", "src\BCSMS.API\BCSMS.API.csproj", "{B5EE65D8-6156-4FED-BE1B-36FBBDF89FC8}"
EndProject
Project("{2150E333-8FDC-42A3-9474-1A3956D46DE8}") = "tests", "tests", "{6EBF9AC6-2601-4113-8E7E-AC480BDAA411}"
EndProject
Project("{FAE04EC0-301F-11D3-BF4B-00C04F79EFBC}") = "BCSMS.UnitTests", "tests\BCSMS.UnitTests\BCSMS.UnitTests.csproj", "{A970F8FB-48A0-4ED8-A1F5-6F36B2D2EC43}"
EndProject
Project("{FAE04EC0-301F-11D3-BF4B-00C04F79EFBC}") = "BCSMS.IntegrationTests", "tests\BCSMS.IntegrationTests\BCSMS.IntegrationTests.csproj", "{5386FCB5-1A35-426C-A664-BA8AA5E38D20}"
EndProject
Global
	GlobalSection(SolutionConfigurationPlatforms) = preSolution
		Debug|Any CPU = Debug|Any CPU
		Release|Any CPU = Release|Any CPU
	EndGlobalSection
	GlobalSection(SolutionProperties) = preSolution
		HideSolutionNode = FALSE
	EndGlobalSection
	GlobalSection(ProjectConfigurationPlatforms) = postSolution
		{C17925EE-8607-4DC1-997C-518C975D048C}.Debug|Any CPU.ActiveCfg = Debug|Any CPU
		{C17925EE-8607-4DC1-997C-518C975D048C}.Debug|Any CPU.Build.0 = Debug|Any CPU
		{C17925EE-8607-4DC1-997C-518C975D048C}.Release|Any CPU.ActiveCfg = Release|Any CPU
		{C17925EE-8607-4DC1-997C-518C975D048C}.Release|Any CPU.Build.0 = Release|Any CPU
		{21B0D391-729C-4D35-98E4-656645C77F47}.Debug|Any CPU.ActiveCfg = Debug|Any CPU
		{21B0D391-729C-4D35-98E4-656645C77F47}.Debug|Any CPU.Build.0 = Debug|Any CPU
		{21B0D391-729C-4D35-98E4-656645C77F47}.Release|Any CPU.ActiveCfg = Release|Any CPU
		{21B0D391-729C-4D35-98E4-656645C77F47}.Release|Any CPU.Build.0 = Release|Any CPU
		{B305B313-688B-4E35-890D-56B3F9D6EB58}.Debug|Any CPU.ActiveCfg = Debug|Any CPU
		{B305B313-688B-4E35-890D-56B3F9D6EB58}.Debug|Any CPU.Build.0 = Debug|Any CPU
		{B305B313-688B-4E35-890D-56B3F9D6EB58}.Release|Any CPU.ActiveCfg = Release|Any CPU
		{B305B313-688B-4E35-890D-56B3F9D6EB58}.Release|Any CPU.Build.0 = Release|Any CPU
		{B5EE65D8-6156-4FED-BE1B-36FBBDF89FC8}.Debug|Any CPU.ActiveCfg = Debug|Any CPU
		{B5EE65D8-6156-4FED-BE1B-36FBBDF89FC8}.Debug|Any CPU.Build.0 = Debug|Any CPU
		{B5EE65D8-6156-4FED-BE1B-36FBBDF89FC8}.Release|Any CPU.ActiveCfg = Release|Any CPU
		{B5EE65D8-6156-4FED-BE1B-36FBBDF89FC8}.Release|Any CPU.Build.0 = Release|Any CPU
		{A970F8FB-48A0-4ED8-A1F5-6F36B2D2EC43}.Debug|Any CPU.ActiveCfg = Debug|Any CPU
		{A970F8FB-48A0-4ED8-A1F5-6F36B2D2EC43}.Debug|Any CPU.Build.0 = Debug|Any CPU
		{A970F8FB-48A0-4ED8-A1F5-6F36B2D2EC43}.Release|Any CPU.ActiveCfg = Release|Any CPU
		{A970F8FB-48A0-4ED8-A1F5-6F36B2D2EC43}.Release|Any CPU.Build.0 = Release|Any CPU
		{5386FCB5-1A35-426C-A664-BA8AA5E38D20}.Debug|Any CPU.ActiveCfg = Debug|Any CPU
		{5386FCB5-1A35-426C-A664-BA8AA5E38D20}.Debug|Any CPU.Build.0 = Debug|Any CPU
		{5386FCB5-1A35-426C-A664-BA8AA5E38D20}.Release|Any CPU.ActiveCfg = Release|Any CPU
		{5386FCB5-1A35-426C-A664-BA8AA5E38D20}.Release|Any CPU.Build.0 = Release|Any CPU
	EndGlobalSection
	GlobalSection(NestedProjects) = preSolution
		{C17925EE-8607-4DC1-997C-518C975D048C} = {5B34739A-E102-447B-BCA3-D368BF914866}
		{21B0D391-729C-4D35-98E4-656645C77F47} = {5B34739A-E102-447B-BCA3-D368BF914866}
		{B305B313-688B-4E35-890D-56B3F9D6EB58} = {5B34739A-E102-447B-BCA3-D368BF914866}
		{B5EE65D8-6156-4FED-BE1B-36FBBDF89FC8} = {5B34739A-E102-447B-BCA3-D368BF914866}
		{A970F8FB-48A0-4ED8-A1F5-6F36B2D2EC43} = {6EBF9AC6-2601-4113-8E7E-AC480BDAA411}
		{5386FCB5-1A35-426C-A664-BA8AA5E38D20} = {6EBF9AC6-2601-4113-8E7E-AC480BDAA411}
	EndGlobalSection
EndGlobal
